
Microsoft Visual Studio Solution File, Format Version 12.00
# Visual Studio Version 16
VisualStudioVersion = 16.0.31702.278
MinimumVisualStudioVersion = 10.0.40219.1
Project("{FAE04EC0-301F-11D3-BF4B-00C04F79EFBC}") = "lesson2", "lesson2.csproj", "{C051E5DA-64D5-4440-BA16-D9E64E307B01}"
EndProject
Global
	GlobalSection(SolutionConfigurationPlatforms) = preSolution
		Debug|Any CPU = Debug|Any CPU
		Release|Any CPU = Release|Any CPU
	EndGlobalSection
	GlobalSection(ProjectConfigurationPlatforms) = postSolution
		{C051E5DA-64D5-4440-BA16-D9E64E307B01}.Debug|Any CPU.ActiveCfg = Debug|Any CPU
		{C051E5DA-64D5-4440-BA16-D9E64E307B01}.Debug|Any CPU.Build.0 = Debug|Any CPU
		{C051E5DA-64D5-4440-BA16-D9E64E307B01}.Release|Any CPU.ActiveCfg = Release|Any CPU
		{C051E5DA-64D5-4440-BA16-D9E64E307B01}.Release|Any CPU.Build.0 = Release|Any CPU
	EndGlobalSection
	GlobalSection(SolutionProperties) = preSolution
		HideSolutionNode = FALSE
	EndGlobalSection
	GlobalSection(ExtensibilityGlobals) = postSolution
		SolutionGuid = {0460ED57-EBB3-4584-8E3C-679E79590DD1}
	EndGlobalSection
EndGlobal
