
Microsoft Visual Studio Solution File, Format Version 12.00
# Visual Studio Version 16
VisualStudioVersion = 16.0.31702.278
MinimumVisualStudioVersion = 10.0.40219.1
Project("{FAE04EC0-301F-11D3-BF4B-00C04F79EFBC}") = "lesson6", "lesson6.csproj", "{938774AB-7A05-4F75-9EC4-BCB5875F2C23}"
EndProject
Global
	GlobalSection(SolutionConfigurationPlatforms) = preSolution
		Debug|Any CPU = Debug|Any CPU
		Release|Any CPU = Release|Any CPU
	EndGlobalSection
	GlobalSection(ProjectConfigurationPlatforms) = postSolution
		{938774AB-7A05-4F75-9EC4-BCB5875F2C23}.Debug|Any CPU.ActiveCfg = Debug|Any CPU
		{938774AB-7A05-4F75-9EC4-BCB5875F2C23}.Debug|Any CPU.Build.0 = Debug|Any CPU
		{938774AB-7A05-4F75-9EC4-BCB5875F2C23}.Release|Any CPU.ActiveCfg = Release|Any CPU
		{938774AB-7A05-4F75-9EC4-BCB5875F2C23}.Release|Any CPU.Build.0 = Release|Any CPU
	EndGlobalSection
	GlobalSection(SolutionProperties) = preSolution
		HideSolutionNode = FALSE
	EndGlobalSection
	GlobalSection(ExtensibilityGlobals) = postSolution
		SolutionGuid = {644AB75E-5C10-46A5-B71A-DD953AA2C439}
	EndGlobalSection
EndGlobal
